// !$*UTF8*$!
{
	archiveVersion = 1;
	classes = {
	};
	objectVersion = 51;
	objects = {

/* Begin PBXBuildFile section */
		5854EB262620D04C0086EFAB /* Note.swift in Sources */ = {isa = PBXBuildFile; fileRef = 5854EB252620D04C0086EFAB /* Note.swift */; };
		5854EB282620D06E0086EFAB /* NoteViewModel.swift in Sources */ = {isa = PBXBuildFile; fileRef = 5854EB272620D06E0086EFAB /* NoteViewModel.swift */; };
		5876956B261E0E6E004BC9DF /* AppDelegate.swift in Sources */ = {isa = PBXBuildFile; fileRef = 5876956A261E0E6E004BC9DF /* AppDelegate.swift */; };
		5876956D261E0E6E004BC9DF /* SceneDelegate.swift in Sources */ = {isa = PBXBuildFile; fileRef = 5876956C261E0E6E004BC9DF /* SceneDelegate.swift */; };
		5876956F261E0E6E004BC9DF /* ViewController.swift in Sources */ = {isa = PBXBuildFile; fileRef = 5876956E261E0E6E004BC9DF /* ViewController.swift */; };
		58769572261E0E6E004BC9DF /* Main.storyboard in Resources */ = {isa = PBXBuildFile; fileRef = 58769570261E0E6E004BC9DF /* Main.storyboard */; };
		58769575261E0E6E004BC9DF /* Notes.xcdatamodeld in Sources */ = {isa = PBXBuildFile; fileRef = 58769573261E0E6E004BC9DF /* Notes.xcdatamodeld */; };
		58769577261E0E70004BC9DF /* Assets.xcassets in Resources */ = {isa = PBXBuildFile; fileRef = 58769576261E0E70004BC9DF /* Assets.xcassets */; };
		5876957A261E0E70004BC9DF /* LaunchScreen.storyboard in Resources */ = {isa = PBXBuildFile; fileRef = 58769578261E0E70004BC9DF /* LaunchScreen.storyboard */; };
		5889A2E426218804007546F6 /* AddNoteViewController.swift in Sources */ = {isa = PBXBuildFile; fileRef = 5889A2E226218804007546F6 /* AddNoteViewController.swift */; };
		B99FCF845CAC7335005CD280 /* Pods_Notes.framework in Frameworks */ = {isa = PBXBuildFile; fileRef = 6146D565DAC1C9EA001C1212 /* Pods_Notes.framework */; };
/* End PBXBuildFile section */

/* Begin PBXFileReference section */
		5854EB252620D04C0086EFAB /* Note.swift */ = {isa = PBXFileReference; lastKnownFileType = sourcecode.swift; path = Note.swift; sourceTree = "<group>"; };
		5854EB272620D06E0086EFAB /* NoteViewModel.swift */ = {isa = PBXFileReference; lastKnownFileType = sourcecode.swift; path = NoteViewModel.swift; sourceTree = "<group>"; };
		58769567261E0E6E004BC9DF /* Notes.app */ = {isa = PBXFileReference; explicitFileType = wrapper.application; includeInIndex = 0; path = Notes.app; sourceTree = BUILT_PRODUCTS_DIR; };
		5876956A261E0E6E004BC9DF /* AppDelegate.swift */ = {isa = PBXFileReference; lastKnownFileType = sourcecode.swift; path = AppDelegate.swift; sourceTree = "<group>"; };
		5876956C261E0E6E004BC9DF /* SceneDelegate.swift */ = {isa = PBXFileReference; lastKnownFileType = sourcecode.swift; path = SceneDelegate.swift; sourceTree = "<group>"; };
		5876956E261E0E6E004BC9DF /* ViewController.swift */ = {isa = PBXFileReference; lastKnownFileType = sourcecode.swift; path = ViewController.swift; sourceTree = "<group>"; };
		58769571261E0E6E004BC9DF /* Base */ = {isa = PBXFileReference; lastKnownFileType = file.storyboard; name = Base; path = Base.lproj/Main.storyboard; sourceTree = "<group>"; };
		58769574261E0E6E004BC9DF /* Notes.xcdatamodel */ = {isa = PBXFileReference; lastKnownFileType = wrapper.xcdatamodel; path = Notes.xcdatamodel; sourceTree = "<group>"; };
		58769576261E0E70004BC9DF /* Assets.xcassets */ = {isa = PBXFileReference; lastKnownFileType = folder.assetcatalog; path = Assets.xcassets; sourceTree = "<group>"; };
		58769579261E0E70004BC9DF /* Base */ = {isa = PBXFileReference; lastKnownFileType = file.storyboard; name = Base; path = Base.lproj/LaunchScreen.storyboard; sourceTree = "<group>"; };
		5876957B261E0E70004BC9DF /* Info.plist */ = {isa = PBXFileReference; lastKnownFileType = text.plist.xml; path = Info.plist; sourceTree = "<group>"; };
		5889A2E226218804007546F6 /* AddNoteViewController.swift */ = {isa = PBXFileReference; lastKnownFileType = sourcecode.swift; path = AddNoteViewController.swift; sourceTree = "<group>"; };
		6146D565DAC1C9EA001C1212 /* Pods_Notes.framework */ = {isa = PBXFileReference; explicitFileType = wrapper.framework; includeInIndex = 0; path = Pods_Notes.framework; sourceTree = BUILT_PRODUCTS_DIR; };
		C2718343A757E511B5FDC29E /* Pods-Notes.release.xcconfig */ = {isa = PBXFileReference; includeInIndex = 1; lastKnownFileType = text.xcconfig; name = "Pods-Notes.release.xcconfig"; path = "Target Support Files/Pods-Notes/Pods-Notes.release.xcconfig"; sourceTree = "<group>"; };
		EE6662C1172C989D47DE28B9 /* Pods-Notes.debug.xcconfig */ = {isa = PBXFileReference; includeInIndex = 1; lastKnownFileType = text.xcconfig; name = "Pods-Notes.debug.xcconfig"; path = "Target Support Files/Pods-Notes/Pods-Notes.debug.xcconfig"; sourceTree = "<group>"; };
/* End PBXFileReference section */

/* Begin PBXFrameworksBuildPhase section */
		58769564261E0E6E004BC9DF /* Frameworks */ = {
			isa = PBXFrameworksBuildPhase;
			buildActionMask = 2147483647;
			files = (
				B99FCF845CAC7335005CD280 /* Pods_Notes.framework in Frameworks */,
			);
			runOnlyForDeploymentPostprocessing = 0;
		};
/* End PBXFrameworksBuildPhase section */

/* Begin PBXGroup section */
		0D53684C2C595A9FF8A10DF3 /* Frameworks */ = {
			isa = PBXGroup;
			children = (
				6146D565DAC1C9EA001C1212 /* Pods_Notes.framework */,
			);
			name = Frameworks;
			sourceTree = "<group>";
		};
		5854EB202620CF420086EFAB /* model */ = {
			isa = PBXGroup;
			children = (
				5854EB252620D04C0086EFAB /* Note.swift */,
			);
			path = model;
			sourceTree = "<group>";
		};
		5854EB212620CF510086EFAB /* viewModel */ = {
			isa = PBXGroup;
			children = (
				5854EB272620D06E0086EFAB /* NoteViewModel.swift */,
			);
			path = viewModel;
			sourceTree = "<group>";
		};
		5854EB222620CF5D0086EFAB /* view */ = {
			isa = PBXGroup;
			children = (
				5876956E261E0E6E004BC9DF /* ViewController.swift */,
				5889A2E226218804007546F6 /* AddNoteViewController.swift */,
			);
			path = view;
			sourceTree = "<group>";
		};
		5854EB232620CF660086EFAB /* app */ = {
			isa = PBXGroup;
			children = (
				5876956A261E0E6E004BC9DF /* AppDelegate.swift */,
				5876956C261E0E6E004BC9DF /* SceneDelegate.swift */,
				58769576261E0E70004BC9DF /* Assets.xcassets */,
			);
			path = app;
			sourceTree = "<group>";
		};
		5854EB242620CFD30086EFAB /* storyboad */ = {
			isa = PBXGroup;
			children = (
				58769570261E0E6E004BC9DF /* Main.storyboard */,
				58769578261E0E70004BC9DF /* LaunchScreen.storyboard */,
			);
			path = storyboad;
			sourceTree = "<group>";
		};
		5876955E261E0E6E004BC9DF = {
			isa = PBXGroup;
			children = (
				58769569261E0E6E004BC9DF /* Notes */,
				58769568261E0E6E004BC9DF /* Products */,
				B2E9B1ED729E24979DFCD5B5 /* Pods */,
				0D53684C2C595A9FF8A10DF3 /* Frameworks */,
			);
			sourceTree = "<group>";
		};
		58769568261E0E6E004BC9DF /* Products */ = {
			isa = PBXGroup;
			children = (
				58769567261E0E6E004BC9DF /* Notes.app */,
			);
			name = Products;
			sourceTree = "<group>";
		};
		58769569261E0E6E004BC9DF /* Notes */ = {
			isa = PBXGroup;
			children = (
				5876957B261E0E70004BC9DF /* Info.plist */,
				58769573261E0E6E004BC9DF /* Notes.xcdatamodeld */,
				5854EB202620CF420086EFAB /* model */,
				5854EB212620CF510086EFAB /* viewModel */,
				5854EB222620CF5D0086EFAB /* view */,
				5854EB242620CFD30086EFAB /* storyboad */,
				5854EB232620CF660086EFAB /* app */,
			);
			path = Notes;
			sourceTree = "<group>";
		};
		B2E9B1ED729E24979DFCD5B5 /* Pods */ = {
			isa = PBXGroup;
			children = (
				EE6662C1172C989D47DE28B9 /* Pods-Notes.debug.xcconfig */,
				C2718343A757E511B5FDC29E /* Pods-Notes.release.xcconfig */,
			);
			path = Pods;
			sourceTree = "<group>";
		};
/* End PBXGroup section */

/* Begin PBXNativeTarget section */
		58769566261E0E6E004BC9DF /* Notes */ = {
			isa = PBXNativeTarget;
			buildConfigurationList = 5876957E261E0E70004BC9DF /* Build configuration list for PBXNativeTarget "Notes" */;
			buildPhases = (
				C61D4F305DD43C55416BAB7C /* [CP] Check Pods Manifest.lock */,
				58769563261E0E6E004BC9DF /* Sources */,
				58769564261E0E6E004BC9DF /* Frameworks */,
				58769565261E0E6E004BC9DF /* Resources */,
				9BFB7D073A1E770F08FB1BDC /* [CP] Embed Pods Frameworks */,
			);
			buildRules = (
			);
			dependencies = (
			);
			name = Notes;
			productName = Notes;
			productReference = 58769567261E0E6E004BC9DF /* Notes.app */;
			productType = "com.apple.product-type.application";
		};
/* End PBXNativeTarget section */

/* Begin PBXProject section */
		5876955F261E0E6E004BC9DF /* Project object */ = {
			isa = PBXProject;
			attributes = {
				LastSwiftUpdateCheck = 1130;
				LastUpgradeCheck = 1130;
				ORGANIZATIONNAME = "Andrew Ananda";
				TargetAttributes = {
					58769566261E0E6E004BC9DF = {
						CreatedOnToolsVersion = 11.3.1;
					};
				};
			};
			buildConfigurationList = 58769562261E0E6E004BC9DF /* Build configuration list for PBXProject "Notes" */;
			compatibilityVersion = "Xcode 9.3";
			developmentRegion = en;
			hasScannedForEncodings = 0;
			knownRegions = (
				en,
				Base,
			);
			mainGroup = 5876955E261E0E6E004BC9DF;
			productRefGroup = 58769568261E0E6E004BC9DF /* Products */;
			projectDirPath = "";
			projectRoot = "";
			targets = (
				58769566261E0E6E004BC9DF /* Notes */,
			);
		};
/* End PBXProject section */

/* Begin PBXResourcesBuildPhase section */
		58769565261E0E6E004BC9DF /* Resources */ = {
			isa = PBXResourcesBuildPhase;
			buildActionMask = 2147483647;
			files = (
				5876957A261E0E70004BC9DF /* LaunchScreen.storyboard in Resources */,
				58769577261E0E70004BC9DF /* Assets.xcassets in Resources */,
				58769572261E0E6E004BC9DF /* Main.storyboard in Resources */,
			);
			runOnlyForDeploymentPostprocessing = 0;
		};
/* End PBXResourcesBuildPhase section */

/* Begin PBXShellScriptBuildPhase section */
		9BFB7D073A1E770F08FB1BDC /* [CP] Embed Pods Frameworks */ = {
			isa = PBXShellScriptBuildPhase;
			buildActionMask = 2147483647;
			files = (
			);
			inputFileListPaths = (
				"${PODS_ROOT}/Target Support Files/Pods-Notes/Pods-Notes-frameworks-${CONFIGURATION}-input-files.xcfilelist",
			);
			name = "[CP] Embed Pods Frameworks";
			outputFileListPaths = (
				"${PODS_ROOT}/Target Support Files/Pods-Notes/Pods-Notes-frameworks-${CONFIGURATION}-output-files.xcfilelist",
			);
			runOnlyForDeploymentPostprocessing = 0;
			shellPath = /bin/sh;
			shellScript = "\"${PODS_ROOT}/Target Support Files/Pods-Notes/Pods-Notes-frameworks.sh\"\n";
			showEnvVarsInLog = 0;
		};
		C61D4F305DD43C55416BAB7C /* [CP] Check Pods Manifest.lock */ = {
			isa = PBXShellScriptBuildPhase;
			buildActionMask = 2147483647;
			files = (
			);
			inputFileListPaths = (
			);
			inputPaths = (
				"${PODS_PODFILE_DIR_PATH}/Podfile.lock",
				"${PODS_ROOT}/Manifest.lock",
			);
			name = "[CP] Check Pods Manifest.lock";
			outputFileListPaths = (
			);
			outputPaths = (
				"$(DERIVED_FILE_DIR)/Pods-Notes-checkManifestLockResult.txt",
			);
			runOnlyForDeploymentPostprocessing = 0;
			shellPath = /bin/sh;
			shellScript = "diff \"${PODS_PODFILE_DIR_PATH}/Podfile.lock\" \"${PODS_ROOT}/Manifest.lock\" > /dev/null\nif [ $? != 0 ] ; then\n    # print error to STDERR\n    echo \"error: The sandbox is not in sync with the Podfile.lock. Run 'pod install' or update your CocoaPods installation.\" >&2\n    exit 1\nfi\n# This output is used by Xcode 'outputs' to avoid re-running this script phase.\necho \"SUCCESS\" > \"${SCRIPT_OUTPUT_FILE_0}\"\n";
			showEnvVarsInLog = 0;
		};
/* End PBXShellScriptBuildPhase section */

/* Begin PBXSourcesBuildPhase section */
		58769563261E0E6E004BC9DF /* Sources */ = {
			isa = PBXSourcesBuildPhase;
			buildActionMask = 2147483647;
			files = (
				5889A2E426218804007546F6 /* AddNoteViewController.swift in Sources */,
				5854EB262620D04C0086EFAB /* Note.swift in Sources */,
				5876956F261E0E6E004BC9DF /* ViewController.swift in Sources */,
				5854EB282620D06E0086EFAB /* NoteViewModel.swift in Sources */,
				5876956B261E0E6E004BC9DF /* AppDelegate.swift in Sources */,
				5876956D261E0E6E004BC9DF /* SceneDelegate.swift in Sources */,
				58769575261E0E6E004BC9DF /* Notes.xcdatamodeld in Sources */,
			);
			runOnlyForDeploymentPostprocessing = 0;
		};
/* End PBXSourcesBuildPhase section */

/* Begin PBXVariantGroup section */
		58769570261E0E6E004BC9DF /* Main.storyboard */ = {
			isa = PBXVariantGroup;
			children = (
				58769571261E0E6E004BC9DF /* Base */,
			);
			name = Main.storyboard;
			sourceTree = "<group>";
		};
		58769578261E0E70004BC9DF /* LaunchScreen.storyboard */ = {
			isa = PBXVariantGroup;
			children = (
				58769579261E0E70004BC9DF /* Base */,
			);
			name = LaunchScreen.storyboard;
			sourceTree = "<group>";
		};
/* End PBXVariantGroup section */

/* Begin XCBuildConfiguration section */
		5876957C261E0E70004BC9DF /* Debug */ = {
			isa = XCBuildConfiguration;
			buildSettings = {
				ALWAYS_SEARCH_USER_PATHS = NO;
				CLANG_ANALYZER_NONNULL = YES;
				CLANG_ANALYZER_NUMBER_OBJECT_CONVERSION = YES_AGGRESSIVE;
				CLANG_CXX_LANGUAGE_STANDARD = "gnu++14";
				CLANG_CXX_LIBRARY = "libc++";
				CLANG_ENABLE_MODULES = YES;
				CLANG_ENABLE_OBJC_ARC = YES;
				CLANG_ENABLE_OBJC_WEAK = YES;
				CLANG_WARN_BLOCK_CAPTURE_AUTORELEASING = YES;
				CLANG_WARN_BOOL_CONVERSION = YES;
				CLANG_WARN_COMMA = YES;
				CLANG_WARN_CONSTANT_CONVERSION = YES;
				CLANG_WARN_DEPRECATED_OBJC_IMPLEMENTATIONS = YES;
				CLANG_WARN_DIRECT_OBJC_ISA_USAGE = YES_ERROR;
				CLANG_WARN_DOCUMENTATION_COMMENTS = YES;
				CLANG_WARN_EMPTY_BODY = YES;
				CLANG_WARN_ENUM_CONVERSION = YES;
				CLANG_WARN_INFINITE_RECURSION = YES;
				CLANG_WARN_INT_CONVERSION = YES;
				CLANG_WARN_NON_LITERAL_NULL_CONVERSION = YES;
				CLANG_WARN_OBJC_IMPLICIT_RETAIN_SELF = YES;
				CLANG_WARN_OBJC_LITERAL_CONVERSION = YES;
				CLANG_WARN_OBJC_ROOT_CLASS = YES_ERROR;
				CLANG_WARN_RANGE_LOOP_ANALYSIS = YES;
				CLANG_WARN_STRICT_PROTOTYPES = YES;
				CLANG_WARN_SUSPICIOUS_MOVE = YES;
				CLANG_WARN_UNGUARDED_AVAILABILITY = YES_AGGRESSIVE;
				CLANG_WARN_UNREACHABLE_CODE = YES;
				CLANG_WARN__DUPLICATE_METHOD_MATCH = YES;
				COPY_PHASE_STRIP = NO;
				DEBUG_INFORMATION_FORMAT = dwarf;
				ENABLE_STRICT_OBJC_MSGSEND = YES;
				ENABLE_TESTABILITY = YES;
				GCC_C_LANGUAGE_STANDARD = gnu11;
				GCC_DYNAMIC_NO_PIC = NO;
				GCC_NO_COMMON_BLOCKS = YES;
				GCC_OPTIMIZATION_LEVEL = 0;
				GCC_PREPROCESSOR_DEFINITIONS = (
					"DEBUG=1",
					"$(inherited)",
				);
				GCC_WARN_64_TO_32_BIT_CONVERSION = YES;
				GCC_WARN_ABOUT_RETURN_TYPE = YES_ERROR;
				GCC_WARN_UNDECLARED_SELECTOR = YES;
				GCC_WARN_UNINITIALIZED_AUTOS = YES_AGGRESSIVE;
				GCC_WARN_UNUSED_FUNCTION = YES;
				GCC_WARN_UNUSED_VARIABLE = YES;
				IPHONEOS_DEPLOYMENT_TARGET = 13.2;
				MTL_ENABLE_DEBUG_INFO = INCLUDE_SOURCE;
				MTL_FAST_MATH = YES;
				ONLY_ACTIVE_ARCH = YES;
				SDKROOT = iphoneos;
				SWIFT_ACTIVE_COMPILATION_CONDITIONS = DEBUG;
				SWIFT_OPTIMIZATION_LEVEL = "-Onone";
			};
			name = Debug;
		};
		5876957D261E0E70004BC9DF /* Release */ = {
			isa = XCBuildConfiguration;
			buildSettings = {
				ALWAYS_SEARCH_USER_PATHS = NO;
				CLANG_ANALYZER_NONNULL = YES;
				CLANG_ANALYZER_NUMBER_OBJECT_CONVERSION = YES_AGGRESSIVE;
				CLANG_CXX_LANGUAGE_STANDARD = "gnu++14";
				CLANG_CXX_LIBRARY = "libc++";
				CLANG_ENABLE_MODULES = YES;
				CLANG_ENABLE_OBJC_ARC = YES;
				CLANG_ENABLE_OBJC_WEAK = YES;
				CLANG_WARN_BLOCK_CAPTURE_AUTORELEASING = YES;
				CLANG_WARN_BOOL_CONVERSION = YES;
				CLANG_WARN_COMMA = YES;
				CLANG_WARN_CONSTANT_CONVERSION = YES;
				CLANG_WARN_DEPRECATED_OBJC_IMPLEMENTATIONS = YES;
				CLANG_WARN_DIRECT_OBJC_ISA_USAGE = YES_ERROR;
				CLANG_WARN_DOCUMENTATION_COMMENTS = YES;
				CLANG_WARN_EMPTY_BODY = YES;
				CLANG_WARN_ENUM_CONVERSION = YES;
				CLANG_WARN_INFINITE_RECURSION = YES;
				CLANG_WARN_INT_CONVERSION = YES;
				CLANG_WARN_NON_LITERAL_NULL_CONVERSION = YES;
				CLANG_WARN_OBJC_IMPLICIT_RETAIN_SELF = YES;
				CLANG_WARN_OBJC_LITERAL_CONVERSION = YES;
				CLANG_WARN_OBJC_ROOT_CLASS = YES_ERROR;
				CLANG_WARN_RANGE_LOOP_ANALYSIS = YES;
				CLANG_WARN_STRICT_PROTOTYPES = YES;
				CLANG_WARN_SUSPICIOUS_MOVE = YES;
				CLANG_WARN_UNGUARDED_AVAILABILITY = YES_AGGRESSIVE;
				CLANG_WARN_UNREACHABLE_CODE = YES;
				CLANG_WARN__DUPLICATE_METHOD_MATCH = YES;
				COPY_PHASE_STRIP = NO;
				DEBUG_INFORMATION_FORMAT = "dwarf-with-dsym";
				ENABLE_NS_ASSERTIONS = NO;
				ENABLE_STRICT_OBJC_MSGSEND = YES;
				GCC_C_LANGUAGE_STANDARD = gnu11;
				GCC_NO_COMMON_BLOCKS = YES;
				GCC_WARN_64_TO_32_BIT_CONVERSION = YES;
				GCC_WARN_ABOUT_RETURN_TYPE = YES_ERROR;
				GCC_WARN_UNDECLARED_SELECTOR = YES;
				GCC_WARN_UNINITIALIZED_AUTOS = YES_AGGRESSIVE;
				GCC_WARN_UNUSED_FUNCTION = YES;
				GCC_WARN_UNUSED_VARIABLE = YES;
				IPHONEOS_DEPLOYMENT_TARGET = 13.2;
				MTL_ENABLE_DEBUG_INFO = NO;
				MTL_FAST_MATH = YES;
				SDKROOT = iphoneos;
				SWIFT_COMPILATION_MODE = wholemodule;
				SWIFT_OPTIMIZATION_LEVEL = "-O";
				VALIDATE_PRODUCT = YES;
			};
			name = Release;
		};
		5876957F261E0E70004BC9DF /* Debug */ = {
			isa = XCBuildConfiguration;
			baseConfigurationReference = EE6662C1172C989D47DE28B9 /* Pods-Notes.debug.xcconfig */;
			buildSettings = {
				ASSETCATALOG_COMPILER_APPICON_NAME = AppIcon;
				CODE_SIGN_STYLE = Automatic;
				INFOPLIST_FILE = Notes/Info.plist;
				LD_RUNPATH_SEARCH_PATHS = (
					"$(inherited)",
					"@executable_path/Frameworks",
				);
				PRODUCT_BUNDLE_IDENTIFIER = devstart.Notes;
				PRODUCT_NAME = "$(TARGET_NAME)";
				SWIFT_VERSION = 5.0;
				TARGETED_DEVICE_FAMILY = "1,2";
			};
			name = Debug;
		};
		58769580261E0E70004BC9DF /* Release */ = {
			isa = XCBuildConfiguration;
			baseConfigurationReference = C2718343A757E511B5FDC29E /* Pods-Notes.release.xcconfig */;
			buildSettings = {
				ASSETCATALOG_COMPILER_APPICON_NAME = AppIcon;
				CODE_SIGN_STYLE = Automatic;
				INFOPLIST_FILE = Notes/Info.plist;
				LD_RUNPATH_SEARCH_PATHS = (
					"$(inherited)",
					"@executable_path/Frameworks",
				);
				PRODUCT_BUNDLE_IDENTIFIER = devstart.Notes;
				PRODUCT_NAME = "$(TARGET_NAME)";
				SWIFT_VERSION = 5.0;
				TARGETED_DEVICE_FAMILY = "1,2";
			};
			name = Release;
		};
/* End XCBuildConfiguration section */

/* Begin XCConfigurationList section */
		58769562261E0E6E004BC9DF /* Build configuration list for PBXProject "Notes" */ = {
			isa = XCConfigurationList;
			buildConfigurations = (
				5876957C261E0E70004BC9DF /* Debug */,
				5876957D261E0E70004BC9DF /* Release */,
			);
			defaultConfigurationIsVisible = 0;
			defaultConfigurationName = Release;
		};
		5876957E261E0E70004BC9DF /* Build configuration list for PBXNativeTarget "Notes" */ = {
			isa = XCConfigurationList;
			buildConfigurations = (
				5876957F261E0E70004BC9DF /* Debug */,
				58769580261E0E70004BC9DF /* Release */,
			);
			defaultConfigurationIsVisible = 0;
			defaultConfigurationName = Release;
		};
/* End XCConfigurationList section */

/* Begin XCVersionGroup section */
		58769573261E0E6E004BC9DF /* Notes.xcdatamodeld */ = {
			isa = XCVersionGroup;
			children = (
				58769574261E0E6E004BC9DF /* Notes.xcdatamodel */,
			);
			currentVersion = 58769574261E0E6E004BC9DF /* Notes.xcdatamodel */;
			path = Notes.xcdatamodeld;
			sourceTree = "<group>";
			versionGroupType = wrapper.xcdatamodel;
		};
/* End XCVersionGroup section */
	};
	rootObject = 5876955F261E0E6E004BC9DF /* Project object */;
}
